
Microsoft Visual Studio Solution File, Format Version 12.00
# Visual Studio Version 16
VisualStudioVersion = 16.0.31129.286
MinimumVisualStudioVersion = 10.0.40219.1
Project("{8BC9CEB8-8B4A-11D0-8D11-00A0C91BC942}") = "Population Bar Chart", "Population Bar Chart\Population Bar Chart.vcxproj", "{211274D2-6DE6-4C52-A491-BD0D27F1C34D}"
EndProject
Global
	GlobalSection(SolutionConfigurationPlatforms) = preSolution
		Debug|x64 = Debug|x64
		Debug|x86 = Debug|x86
		Release|x64 = Release|x64
		Release|x86 = Release|x86
	EndGlobalSection
	GlobalSection(ProjectConfigurationPlatforms) = postSolution
		{211274D2-6DE6-4C52-A491-BD0D27F1C34D}.Debug|x64.ActiveCfg = Debug|x64
		{211274D2-6DE6-4C52-A491-BD0D27F1C34D}.Debug|x64.Build.0 = Debug|x64
		{211274D2-6DE6-4C52-A491-BD0D27F1C34D}.Debug|x86.ActiveCfg = Debug|Win32
		{211274D2-6DE6-4C52-A491-BD0D27F1C34D}.Debug|x86.Build.0 = Debug|Win32
		{211274D2-6DE6-4C52-A491-BD0D27F1C34D}.Release|x64.ActiveCfg = Release|x64
		{211274D2-6DE6-4C52-A491-BD0D27F1C34D}.Release|x64.Build.0 = Release|x64
		{211274D2-6DE6-4C52-A491-BD0D27F1C34D}.Release|x86.ActiveCfg = Release|Win32
		{211274D2-6DE6-4C52-A491-BD0D27F1C34D}.Release|x86.Build.0 = Release|Win32
	EndGlobalSection
	GlobalSection(SolutionProperties) = preSolution
		HideSolutionNode = FALSE
	EndGlobalSection
	GlobalSection(ExtensibilityGlobals) = postSolution
		SolutionGuid = {7EECD685-B157-404B-AA39-7A1DDBDC94FE}
	EndGlobalSection
EndGlobal
