
Microsoft Visual Studio Solution File, Format Version 12.00
# Visual Studio Version 16
VisualStudioVersion = 16.0.31129.286
MinimumVisualStudioVersion = 10.0.40219.1
Project("{8BC9CEB8-8B4A-11D0-8D11-00A0C91BC942}") = "Ingerdient Adjuster", "Ingerdient Adjuster\Ingerdient Adjuster.vcxproj", "{9A042FDE-28F3-49F4-9DBA-F74514CA7042}"
EndProject
Global
	GlobalSection(SolutionConfigurationPlatforms) = preSolution
		Debug|x64 = Debug|x64
		Debug|x86 = Debug|x86
		Release|x64 = Release|x64
		Release|x86 = Release|x86
	EndGlobalSection
	GlobalSection(ProjectConfigurationPlatforms) = postSolution
		{9A042FDE-28F3-49F4-9DBA-F74514CA7042}.Debug|x64.ActiveCfg = Debug|x64
		{9A042FDE-28F3-49F4-9DBA-F74514CA7042}.Debug|x64.Build.0 = Debug|x64
		{9A042FDE-28F3-49F4-9DBA-F74514CA7042}.Debug|x86.ActiveCfg = Debug|Win32
		{9A042FDE-28F3-49F4-9DBA-F74514CA7042}.Debug|x86.Build.0 = Debug|Win32
		{9A042FDE-28F3-49F4-9DBA-F74514CA7042}.Release|x64.ActiveCfg = Release|x64
		{9A042FDE-28F3-49F4-9DBA-F74514CA7042}.Release|x64.Build.0 = Release|x64
		{9A042FDE-28F3-49F4-9DBA-F74514CA7042}.Release|x86.ActiveCfg = Release|Win32
		{9A042FDE-28F3-49F4-9DBA-F74514CA7042}.Release|x86.Build.0 = Release|Win32
	EndGlobalSection
	GlobalSection(SolutionProperties) = preSolution
		HideSolutionNode = FALSE
	EndGlobalSection
	GlobalSection(ExtensibilityGlobals) = postSolution
		SolutionGuid = {7A317B6F-C9FB-4086-9719-859221CD247F}
	EndGlobalSection
EndGlobal
