
Microsoft Visual Studio Solution File, Format Version 12.00
# Visual Studio Version 16
VisualStudioVersion = 16.0.31129.286
MinimumVisualStudioVersion = 10.0.40219.1
Project("{8BC9CEB8-8B4A-11D0-8D11-00A0C91BC942}") = "Quiz 4", "Quiz 4\Quiz 4.vcxproj", "{A3ABB1C1-B38F-4406-9A66-4713E4B5B0A2}"
EndProject
Global
	GlobalSection(SolutionConfigurationPlatforms) = preSolution
		Debug|x64 = Debug|x64
		Debug|x86 = Debug|x86
		Release|x64 = Release|x64
		Release|x86 = Release|x86
	EndGlobalSection
	GlobalSection(ProjectConfigurationPlatforms) = postSolution
		{A3ABB1C1-B38F-4406-9A66-4713E4B5B0A2}.Debug|x64.ActiveCfg = Debug|x64
		{A3ABB1C1-B38F-4406-9A66-4713E4B5B0A2}.Debug|x64.Build.0 = Debug|x64
		{A3ABB1C1-B38F-4406-9A66-4713E4B5B0A2}.Debug|x86.ActiveCfg = Debug|Win32
		{A3ABB1C1-B38F-4406-9A66-4713E4B5B0A2}.Debug|x86.Build.0 = Debug|Win32
		{A3ABB1C1-B38F-4406-9A66-4713E4B5B0A2}.Release|x64.ActiveCfg = Release|x64
		{A3ABB1C1-B38F-4406-9A66-4713E4B5B0A2}.Release|x64.Build.0 = Release|x64
		{A3ABB1C1-B38F-4406-9A66-4713E4B5B0A2}.Release|x86.ActiveCfg = Release|Win32
		{A3ABB1C1-B38F-4406-9A66-4713E4B5B0A2}.Release|x86.Build.0 = Release|Win32
	EndGlobalSection
	GlobalSection(SolutionProperties) = preSolution
		HideSolutionNode = FALSE
	EndGlobalSection
	GlobalSection(ExtensibilityGlobals) = postSolution
		SolutionGuid = {4AB28E35-C580-4165-B961-3069D66DF002}
	EndGlobalSection
EndGlobal
