
Microsoft Visual Studio Solution File, Format Version 12.00
# Visual Studio Version 16
VisualStudioVersion = 16.0.31129.286
MinimumVisualStudioVersion = 10.0.40219.1
Project("{8BC9CEB8-8B4A-11D0-8D11-00A0C91BC942}") = "Test Corrector", "Test Corrector\Test Corrector.vcxproj", "{BE8F3591-6072-4F1F-BFDD-3675C74A18CE}"
EndProject
Global
	GlobalSection(SolutionConfigurationPlatforms) = preSolution
		Debug|x64 = Debug|x64
		Debug|x86 = Debug|x86
		Release|x64 = Release|x64
		Release|x86 = Release|x86
	EndGlobalSection
	GlobalSection(ProjectConfigurationPlatforms) = postSolution
		{BE8F3591-6072-4F1F-BFDD-3675C74A18CE}.Debug|x64.ActiveCfg = Debug|x64
		{BE8F3591-6072-4F1F-BFDD-3675C74A18CE}.Debug|x64.Build.0 = Debug|x64
		{BE8F3591-6072-4F1F-BFDD-3675C74A18CE}.Debug|x86.ActiveCfg = Debug|Win32
		{BE8F3591-6072-4F1F-BFDD-3675C74A18CE}.Debug|x86.Build.0 = Debug|Win32
		{BE8F3591-6072-4F1F-BFDD-3675C74A18CE}.Release|x64.ActiveCfg = Release|x64
		{BE8F3591-6072-4F1F-BFDD-3675C74A18CE}.Release|x64.Build.0 = Release|x64
		{BE8F3591-6072-4F1F-BFDD-3675C74A18CE}.Release|x86.ActiveCfg = Release|Win32
		{BE8F3591-6072-4F1F-BFDD-3675C74A18CE}.Release|x86.Build.0 = Release|Win32
	EndGlobalSection
	GlobalSection(SolutionProperties) = preSolution
		HideSolutionNode = FALSE
	EndGlobalSection
	GlobalSection(ExtensibilityGlobals) = postSolution
		SolutionGuid = {B63BB7A1-D6A8-4E9F-91D9-01D05AFFB2E7}
	EndGlobalSection
EndGlobal
