
Microsoft Visual Studio Solution File, Format Version 12.00
# Visual Studio Version 16
VisualStudioVersion = 16.0.31129.286
MinimumVisualStudioVersion = 10.0.40219.1
Project("{8BC9CEB8-8B4A-11D0-8D11-00A0C91BC942}") = "MonthlySalesTax", "MonthlySalesTax\MonthlySalesTax.vcxproj", "{22107C7C-9849-4214-AE71-7F3BDC8C29B6}"
EndProject
Global
	GlobalSection(SolutionConfigurationPlatforms) = preSolution
		Debug|x64 = Debug|x64
		Debug|x86 = Debug|x86
		Release|x64 = Release|x64
		Release|x86 = Release|x86
	EndGlobalSection
	GlobalSection(ProjectConfigurationPlatforms) = postSolution
		{22107C7C-9849-4214-AE71-7F3BDC8C29B6}.Debug|x64.ActiveCfg = Debug|x64
		{22107C7C-9849-4214-AE71-7F3BDC8C29B6}.Debug|x64.Build.0 = Debug|x64
		{22107C7C-9849-4214-AE71-7F3BDC8C29B6}.Debug|x86.ActiveCfg = Debug|Win32
		{22107C7C-9849-4214-AE71-7F3BDC8C29B6}.Debug|x86.Build.0 = Debug|Win32
		{22107C7C-9849-4214-AE71-7F3BDC8C29B6}.Release|x64.ActiveCfg = Release|x64
		{22107C7C-9849-4214-AE71-7F3BDC8C29B6}.Release|x64.Build.0 = Release|x64
		{22107C7C-9849-4214-AE71-7F3BDC8C29B6}.Release|x86.ActiveCfg = Release|Win32
		{22107C7C-9849-4214-AE71-7F3BDC8C29B6}.Release|x86.Build.0 = Release|Win32
	EndGlobalSection
	GlobalSection(SolutionProperties) = preSolution
		HideSolutionNode = FALSE
	EndGlobalSection
	GlobalSection(ExtensibilityGlobals) = postSolution
		SolutionGuid = {21FD66C2-6BEF-4207-941C-AF80045FD1A1}
	EndGlobalSection
EndGlobal
