
Microsoft Visual Studio Solution File, Format Version 12.00
# Visual Studio Version 16
VisualStudioVersion = 16.0.31129.286
MinimumVisualStudioVersion = 10.0.40219.1
Project("{8BC9CEB8-8B4A-11D0-8D11-00A0C91BC942}") = "Largest_Value", "Largest_Value\Largest_Value.vcxproj", "{17A916B9-2B5A-490A-AABB-3B3A144D10EE}"
EndProject
Global
	GlobalSection(SolutionConfigurationPlatforms) = preSolution
		Debug|x64 = Debug|x64
		Debug|x86 = Debug|x86
		Release|x64 = Release|x64
		Release|x86 = Release|x86
	EndGlobalSection
	GlobalSection(ProjectConfigurationPlatforms) = postSolution
		{17A916B9-2B5A-490A-AABB-3B3A144D10EE}.Debug|x64.ActiveCfg = Debug|x64
		{17A916B9-2B5A-490A-AABB-3B3A144D10EE}.Debug|x64.Build.0 = Debug|x64
		{17A916B9-2B5A-490A-AABB-3B3A144D10EE}.Debug|x86.ActiveCfg = Debug|Win32
		{17A916B9-2B5A-490A-AABB-3B3A144D10EE}.Debug|x86.Build.0 = Debug|Win32
		{17A916B9-2B5A-490A-AABB-3B3A144D10EE}.Release|x64.ActiveCfg = Release|x64
		{17A916B9-2B5A-490A-AABB-3B3A144D10EE}.Release|x64.Build.0 = Release|x64
		{17A916B9-2B5A-490A-AABB-3B3A144D10EE}.Release|x86.ActiveCfg = Release|Win32
		{17A916B9-2B5A-490A-AABB-3B3A144D10EE}.Release|x86.Build.0 = Release|Win32
	EndGlobalSection
	GlobalSection(SolutionProperties) = preSolution
		HideSolutionNode = FALSE
	EndGlobalSection
	GlobalSection(ExtensibilityGlobals) = postSolution
		SolutionGuid = {76615711-9D40-4C17-B714-843E8C8C21A6}
	EndGlobalSection
EndGlobal
